<?xml version="1.0" encoding="utf-8"?>
<Project ToolsVersion="4.0" xmlns="http://schemas.microsoft.com/developer/msbuild/2003">
  <ItemGroup>
    <ClInclude Include="src\inc\include.h" />
    <ClInclude Include="src\inc\core.h" />
    <ClInclude Include="src\inc\util.h" />
    <ClInclude Include="src\inc\log.h" />
    <ClInclude Include="src\inc\mhpp.h" />
    <ClInclude Include="src\inc\hooks.h" />
    <ClInclude Include="src\inc\r5\r5.h" />
    <ClInclude Include="src\inc\r5\offsets.h" />
    <ClInclude Include="src\inc\defs.h" />
    <ClInclude Include="src\inc\vmthk.h" />
    <ClInclude Include="src\inc\vmtcall.h" />
    <ClInclude Include="src\inc\stl.h" />
    <ClInclude Include="src\inc\global.h" />
    <ClInclude Include="src\inc\iface.h" />
    <ClInclude Include="src\inc\imgui\imgui_impl_dx11.h" />
    <ClInclude Include="src\inc\imgui\imgui_impl_win32.h" />
    <ClInclude Include="src\inc\respawn\entity_list.h" />
    <ClInclude Include="src\inc\respawn\respawn.h" />
    <ClInclude Include="src\inc\respawn\entity.h" />
    <ClInclude Include="src\inc\respawn\base_client.h" />
    <ClInclude Include="src\inc\respawn\dt_recv.h" />
    <ClInclude Include="src\inc\respawn\netvar.h" />
    <ClInclude Include="src\inc\respawn\math.h" />
    <ClInclude Include="src\inc\respawn\view_render.h" />
    <ClInclude Include="src\inc\features.h" />
    <ClInclude Include="src\inc\render.h" />
    <ClInclude Include="src\inc\respawn\engine_client.h" />
    <ClInclude Include="src\inc\respawn\engine_trace.h" />
    <ClInclude Include="src\inc\respawn\raytrace.h" />
    <ClInclude Include="src\inc\cache.h" />
    <ClInclude Include="src\inc\respawn\defs.h" />
    <ClInclude Include="src\inc\windows\windows.h" />
    <ClInclude Include="src\inc\windows\menu.h" />
    <ClInclude Include="src\inc\config.h" />
    <ClInclude Include="src\inc\imgui\imgui_hlp.h" />
    <ClInclude Include="src\inc\smath.h" />
    <ClInclude Include="src\inc\respawn\weapon.h" />
    <ClInclude Include="src\inc\respawn\mat_system_surface.h" />
    <ClInclude Include="src\inc\respawn\netchan.h" />
    <ClInclude Include="src\inc\input.h" />
    <ClInclude Include="src\inc\respawn\input_system.h" />
    <ClInclude Include="src\inc\xorstr.h" />
    <ClInclude Include="src\inc\windows\logger.h" />
    <ClInclude Include="src\inc\respawn\view_model.h" />
    <ClInclude Include="src\inc\respawn\model_info.h" />
    <ClInclude Include="src\inc\respawn\globals.h" />
    <ClInclude Include="src\inc\respawn\cvar.h" />
    <ClInclude Include="src\inc\respawn\handle.h" />
    <ClInclude Include="src\inc\spectator_mgr.h" />
    <ClInclude Include="src\inc\signature.h" />
    <ClInclude Include="src\inc\memory.h" />
    <ClInclude Include="src\inc\nt.h" />
    <ClInclude Include="src\inc\imgui\imgui.h" />
    <ClInclude Include="src\inc\imgui\imgui_internal.h" />
    <ClInclude Include="src\inc\imgui\imstb_textedit.h" />
    <ClInclude Include="src\inc\imgui\imstb_rectpack.h" />
    <ClInclude Include="src\inc\imgui\imstb_truetype.h" />
    <ClInclude Include="src\inc\imgui\imconfig.h" />
    <ClInclude Include="src\inc\minhook\buffer.h" />
    <ClInclude Include="src\inc\minhook\MinHook.h" />
    <ClInclude Include="src\inc\minhook\trampoline.h" />
    <ClInclude Include="src\inc\hde\hde.h" />
    <ClInclude Include="src\inc\hde\hde64.h" />
    <ClInclude Include="src\inc\hde\table64.h" />
    <ClInclude Include="src\inc\itypes.h" />
    <ClInclude Include="src\inc\pe.h" />
    <ClInclude Include="src\inc\drf.h" />
    <ClInclude Include="src\inc\hde.h" />
    <ClInclude Include="src\inc\x64.h" />
  </ItemGroup>
  <ItemGroup>
    <ClCompile Include="src\main.cpp" />
    <ClCompile Include="src\core.cpp" />
    <ClCompile Include="src\hooks.cpp" />
    <ClCompile Include="src\r5.cpp" />
    <ClCompile Include="src\hooks_r5.cpp" />
    <ClCompile Include="src\imgui\imgui_impl_dx11.cpp" />
    <ClCompile Include="src\imgui\imgui_impl_win32.cpp" />
    <ClCompile Include="src\respawn\respawn.cpp" />
    <ClCompile Include="src\netvar.cpp" />
    <ClCompile Include="src\features\features.cpp" />
    <ClCompile Include="src\features\esp.cpp" />
    <ClCompile Include="src\cache.cpp" />
    <ClCompile Include="src\entity.cpp" />
    <ClCompile Include="src\windows.cpp" />
    <ClCompile Include="src\windows\menu\menu.cpp" />
    <ClCompile Include="src\windows\menu\tabs\t_aim.cpp" />
    <ClCompile Include="src\config.cpp" />
    <ClCompile Include="src\windows\menu\tabs\t_esp.cpp" />
    <ClCompile Include="src\features\aim.cpp" />
    <ClCompile Include="src\features\rapidfire.cpp" />
    <ClCompile Include="src\include.cpp" />
    <ClCompile Include="src\windows\menu\tabs\t_visual.cpp" />
    <ClCompile Include="src\respawn\weapon.cpp" />
    <ClCompile Include="src\input.cpp" />
    <ClCompile Include="src\windows\logger.cpp" />
    <ClCompile Include="src\features\misc.cpp" />
    <ClCompile Include="src\windows\player_list.cpp" />
    <ClCompile Include="src\spectator_mgr.cpp" />
    <ClCompile Include="src\windows\menu\tabs\t_host.cpp" />
    <ClCompile Include="src\windows\menu\tabs\t_other.cpp" />
    <ClCompile Include="src\features\spectators.cpp" />
    <ClCompile Include="src\windows\menu\tabs\t_dev.cpp" />
    <ClCompile Include="src\windows\menu\tabs\t_config.cpp" />
    <ClCompile Include="src\imgui\imgui.cpp" />
    <ClCompile Include="src\imgui\imgui_draw.cpp" />
    <ClCompile Include="src\imgui\imgui_widgets.cpp" />
    <ClCompile Include="src\imgui\imgui_table.cpp" />
    <ClCompile Include="src\minhook\buffer.c" />
    <ClCompile Include="src\minhook\hook.c" />
    <ClCompile Include="src\minhook\trampoline.c" />
    <ClCompile Include="src\hde\hde.cpp" />
    <ClCompile Include="src\pe.cpp" />
    <ClCompile Include="src\math_.cpp" />
    <ClCompile Include="src\render.cpp" />
    <ClCompile Include="src\memory.cpp" />
    <ClCompile Include="src\features\trigger.cpp" />
    <ClCompile Include="src\x64_.cpp" />
  </ItemGroup>
  <ItemGroup>
    <MASM Include="src\x64.asm" />
  </ItemGroup>
</Project>